
Microsoft Visual Studio Solution File, Format Version 12.00
# Visual Studio Version 17
VisualStudioVersion = 17.5.33502.453
MinimumVisualStudioVersion = 10.0.40219.1
Project("{FAE04EC0-301F-11D3-BF4B-00C04F79EFBC}") = "作業", "WindowsFormsApp2\作業.csproj", "{819BB5D9-19CA-4283-859F-567C0DAEE399}"
EndProject
Global
	GlobalSection(SolutionConfigurationPlatforms) = preSolution
		Debug|Any CPU = Debug|Any CPU
		Release|Any CPU = Release|Any CPU
	EndGlobalSection
	GlobalSection(ProjectConfigurationPlatforms) = postSolution
		{819BB5D9-19CA-4283-859F-567C0DAEE399}.Debug|Any CPU.ActiveCfg = Debug|Any CPU
		{819BB5D9-19CA-4283-859F-567C0DAEE399}.Debug|Any CPU.Build.0 = Debug|Any CPU
		{819BB5D9-19CA-4283-859F-567C0DAEE399}.Release|Any CPU.ActiveCfg = Release|Any CPU
		{819BB5D9-19CA-4283-859F-567C0DAEE399}.Release|Any CPU.Build.0 = Release|Any CPU
	EndGlobalSection
	GlobalSection(SolutionProperties) = preSolution
		HideSolutionNode = FALSE
	EndGlobalSection
	GlobalSection(ExtensibilityGlobals) = postSolution
		SolutionGuid = {1824B0BB-2434-4160-9589-BAE462A601D2}
	EndGlobalSection
EndGlobal
